# This file is automatically @generated by Poetry 1.5.1 and should not be changed by hand.

[[package]]
name = "llvmlite"
version = "0.40.1"
description = "lightweight wrapper around basic LLVM functionality"
optional = false
python-versions = ">=3.8"
files = [
    {file = "llvmlite-0.40.1-cp310-cp310-macosx_10_9_x86_64.whl", hash = "sha256:84ce9b1c7a59936382ffde7871978cddcda14098e5a76d961e204523e5c372fb"},
    {file = "llvmlite-0.40.1-cp310-cp310-macosx_11_0_arm64.whl", hash = "sha256:3673c53cb21c65d2ff3704962b5958e967c6fc0bd0cff772998face199e8d87b"},
    {file = "llvmlite-0.40.1-cp310-cp310-manylinux_2_17_aarch64.manylinux2014_aarch64.whl", hash = "sha256:bba2747cf5b4954e945c287fe310b3fcc484e2a9d1b0c273e99eb17d103bb0e6"},
    {file = "llvmlite-0.40.1-cp310-cp310-manylinux_2_17_x86_64.manylinux2014_x86_64.whl", hash = "sha256:bbd5e82cc990e5a3e343a3bf855c26fdfe3bfae55225f00efd01c05bbda79918"},
    {file = "llvmlite-0.40.1-cp310-cp310-win32.whl", hash = "sha256:09f83ea7a54509c285f905d968184bba00fc31ebf12f2b6b1494d677bb7dde9b"},
    {file = "llvmlite-0.40.1-cp310-cp310-win_amd64.whl", hash = "sha256:7b37297f3cbd68d14a97223a30620589d98ad1890e5040c9e5fc181063f4ed49"},
    {file = "llvmlite-0.40.1-cp311-cp311-macosx_10_9_x86_64.whl", hash = "sha256:a66a5bd580951751b4268f4c3bddcef92682814d6bc72f3cd3bb67f335dd7097"},
    {file = "llvmlite-0.40.1-cp311-cp311-macosx_11_0_arm64.whl", hash = "sha256:467b43836b388eaedc5a106d76761e388dbc4674b2f2237bc477c6895b15a634"},
    {file = "llvmlite-0.40.1-cp311-cp311-manylinux_2_17_aarch64.manylinux2014_aarch64.whl", hash = "sha256:0c23edd196bd797dc3a7860799054ea3488d2824ecabc03f9135110c2e39fcbc"},
    {file = "llvmlite-0.40.1-cp311-cp311-manylinux_2_17_x86_64.manylinux2014_x86_64.whl", hash = "sha256:a36d9f244b6680cb90bbca66b146dabb2972f4180c64415c96f7c8a2d8b60a36"},
    {file = "llvmlite-0.40.1-cp311-cp311-win_amd64.whl", hash = "sha256:5b3076dc4e9c107d16dc15ecb7f2faf94f7736cd2d5e9f4dc06287fd672452c1"},
    {file = "llvmlite-0.40.1-cp38-cp38-macosx_10_9_x86_64.whl", hash = "sha256:4a7525db121f2e699809b539b5308228854ccab6693ecb01b52c44a2f5647e20"},
    {file = "llvmlite-0.40.1-cp38-cp38-macosx_11_0_arm64.whl", hash = "sha256:84747289775d0874e506f907a4513db889471607db19b04de97d144047fec885"},
    {file = "llvmlite-0.40.1-cp38-cp38-manylinux_2_17_aarch64.manylinux2014_aarch64.whl", hash = "sha256:e35766e42acef0fe7d1c43169a8ffc327a47808fae6a067b049fe0e9bbf84dd5"},
    {file = "llvmlite-0.40.1-cp38-cp38-manylinux_2_17_x86_64.manylinux2014_x86_64.whl", hash = "sha256:cda71de10a1f48416309e408ea83dab5bf36058f83e13b86a2961defed265568"},
    {file = "llvmlite-0.40.1-cp38-cp38-win32.whl", hash = "sha256:96707ebad8b051bbb4fc40c65ef93b7eeee16643bd4d579a14d11578e4b7a647"},
    {file = "llvmlite-0.40.1-cp38-cp38-win_amd64.whl", hash = "sha256:e44f854dc11559795bcdeaf12303759e56213d42dabbf91a5897aa2d8b033810"},
    {file = "llvmlite-0.40.1-cp39-cp39-macosx_10_9_x86_64.whl", hash = "sha256:f643d15aacd0b0b0dc8b74b693822ba3f9a53fa63bc6a178c2dba7cc88f42144"},
    {file = "llvmlite-0.40.1-cp39-cp39-macosx_11_0_arm64.whl", hash = "sha256:39a0b4d0088c01a469a5860d2e2d7a9b4e6a93c0f07eb26e71a9a872a8cadf8d"},
    {file = "llvmlite-0.40.1-cp39-cp39-manylinux_2_17_aarch64.manylinux2014_aarch64.whl", hash = "sha256:9329b930d699699846623054121ed105fd0823ed2180906d3b3235d361645490"},
    {file = "llvmlite-0.40.1-cp39-cp39-manylinux_2_17_x86_64.manylinux2014_x86_64.whl", hash = "sha256:e2dbbb8424037ca287983b115a29adf37d806baf7e1bf4a67bd2cffb74e085ed"},
    {file = "llvmlite-0.40.1-cp39-cp39-win32.whl", hash = "sha256:e74e7bec3235a1e1c9ad97d897a620c5007d0ed80c32c84c1d787e7daa17e4ec"},
    {file = "llvmlite-0.40.1-cp39-cp39-win_amd64.whl", hash = "sha256:ff8f31111bb99d135ff296757dc81ab36c2dee54ed4bd429158a96da9807c316"},
    {file = "llvmlite-0.40.1.tar.gz", hash = "sha256:5cdb0d45df602099d833d50bd9e81353a5e036242d3c003c5b294fc61d1986b4"},
]

[[package]]
name = "networkx"
version = "3.1"
description = "Python package for creating and manipulating graphs and networks"
optional = false
python-versions = ">=3.8"
files = [
    {file = "networkx-3.1-py3-none-any.whl", hash = "sha256:4f33f68cb2afcf86f28a45f43efc27a9386b535d567d2127f8f61d51dec58d36"},
    {file = "networkx-3.1.tar.gz", hash = "sha256:de346335408f84de0eada6ff9fafafff9bcda11f0a0dfaa931133debb146ab61"},
]

[package.extras]
default = ["matplotlib (>=3.4)", "numpy (>=1.20)", "pandas (>=1.3)", "scipy (>=1.8)"]
developer = ["mypy (>=1.1)", "pre-commit (>=3.2)"]
doc = ["nb2plots (>=0.6)", "numpydoc (>=1.5)", "pillow (>=9.4)", "pydata-sphinx-theme (>=0.13)", "sphinx (>=6.1)", "sphinx-gallery (>=0.12)", "texext (>=0.6.7)"]
extra = ["lxml (>=4.6)", "pydot (>=1.4.2)", "pygraphviz (>=1.10)", "sympy (>=1.10)"]
test = ["codecov (>=2.1)", "pytest (>=7.2)", "pytest-cov (>=4.0)"]

[[package]]
name = "numba"
version = "0.57.1"
description = "compiling Python code using LLVM"
optional = false
python-versions = ">=3.8"
files = [
    {file = "numba-0.57.1-cp310-cp310-macosx_10_9_x86_64.whl", hash = "sha256:db8268eb5093cae2288942a8cbd69c9352f6fe6e0bfa0a9a27679436f92e4248"},
    {file = "numba-0.57.1-cp310-cp310-macosx_11_0_arm64.whl", hash = "sha256:643cb09a9ba9e1bd8b060e910aeca455e9442361e80fce97690795ff9840e681"},
    {file = "numba-0.57.1-cp310-cp310-manylinux2014_aarch64.manylinux_2_17_aarch64.whl", hash = "sha256:53e9fab973d9e82c9f8449f75994a898daaaf821d84f06fbb0b9de2293dd9306"},
    {file = "numba-0.57.1-cp310-cp310-manylinux2014_x86_64.manylinux_2_17_x86_64.whl", hash = "sha256:c0602e4f896e6a6d844517c3ab434bc978e7698a22a733cc8124465898c28fa8"},
    {file = "numba-0.57.1-cp310-cp310-win32.whl", hash = "sha256:3d6483c27520d16cf5d122868b79cad79e48056ecb721b52d70c126bed65431e"},
    {file = "numba-0.57.1-cp310-cp310-win_amd64.whl", hash = "sha256:a32ee263649aa3c3587b833d6311305379529570e6c20deb0c6f4fb5bc7020db"},
    {file = "numba-0.57.1-cp311-cp311-macosx_10_9_x86_64.whl", hash = "sha256:4c078f84b5529a7fdb8413bb33d5100f11ec7b44aa705857d9eb4e54a54ff505"},
    {file = "numba-0.57.1-cp311-cp311-macosx_11_0_arm64.whl", hash = "sha256:e447c4634d1cc99ab50d4faa68f680f1d88b06a2a05acf134aa6fcc0342adeca"},
    {file = "numba-0.57.1-cp311-cp311-manylinux2014_aarch64.manylinux_2_17_aarch64.whl", hash = "sha256:4838edef2df5f056cb8974670f3d66562e751040c448eb0b67c7e2fec1726649"},
    {file = "numba-0.57.1-cp311-cp311-manylinux2014_x86_64.manylinux_2_17_x86_64.whl", hash = "sha256:9b17fbe4a69dcd9a7cd49916b6463cd9a82af5f84911feeb40793b8bce00dfa7"},
    {file = "numba-0.57.1-cp311-cp311-win_amd64.whl", hash = "sha256:93df62304ada9b351818ba19b1cfbddaf72cd89348e81474326ca0b23bf0bae1"},
    {file = "numba-0.57.1-cp38-cp38-macosx_10_9_x86_64.whl", hash = "sha256:8e00ca63c5d0ad2beeb78d77f087b3a88c45ea9b97e7622ab2ec411a868420ee"},
    {file = "numba-0.57.1-cp38-cp38-macosx_11_0_arm64.whl", hash = "sha256:ff66d5b022af6c7d81ddbefa87768e78ed4f834ab2da6ca2fd0d60a9e69b94f5"},
    {file = "numba-0.57.1-cp38-cp38-manylinux2014_aarch64.manylinux_2_17_aarch64.whl", hash = "sha256:60ec56386076e9eed106a87c96626d5686fbb16293b9834f0849cf78c9491779"},
    {file = "numba-0.57.1-cp38-cp38-manylinux2014_x86_64.manylinux_2_17_x86_64.whl", hash = "sha256:6c057ccedca95df23802b6ccad86bb318be624af45b5a38bb8412882be57a681"},
    {file = "numba-0.57.1-cp38-cp38-win32.whl", hash = "sha256:5a82bf37444039c732485c072fda21a361790ed990f88db57fd6941cd5e5d307"},
    {file = "numba-0.57.1-cp38-cp38-win_amd64.whl", hash = "sha256:9bcc36478773ce838f38afd9a4dfafc328d4ffb1915381353d657da7f6473282"},
    {file = "numba-0.57.1-cp39-cp39-macosx_10_9_x86_64.whl", hash = "sha256:ae50c8c90c2ce8057f9618b589223e13faa8cbc037d8f15b4aad95a2c33a0582"},
    {file = "numba-0.57.1-cp39-cp39-macosx_11_0_arm64.whl", hash = "sha256:9a1b2b69448e510d672ff9a6b18d2db9355241d93c6a77677baa14bec67dc2a0"},
    {file = "numba-0.57.1-cp39-cp39-manylinux2014_aarch64.manylinux_2_17_aarch64.whl", hash = "sha256:3cf78d74ad9d289fbc1e5b1c9f2680fca7a788311eb620581893ab347ec37a7e"},
    {file = "numba-0.57.1-cp39-cp39-manylinux2014_x86_64.manylinux_2_17_x86_64.whl", hash = "sha256:f47dd214adc5dcd040fe9ad2adbd2192133c9075d2189ce1b3d5f9d72863ef05"},
    {file = "numba-0.57.1-cp39-cp39-win32.whl", hash = "sha256:a3eac19529956185677acb7f01864919761bfffbb9ae04bbbe5e84bbc06cfc2b"},
    {file = "numba-0.57.1-cp39-cp39-win_amd64.whl", hash = "sha256:9587ba1bf5f3035575e45562ada17737535c6d612df751e811d702693a72d95e"},
    {file = "numba-0.57.1.tar.gz", hash = "sha256:33c0500170d213e66d90558ad6aca57d3e03e97bb11da82e6d87ab793648cb17"},
]

[package.dependencies]
llvmlite = "==0.40.*"
numpy = ">=1.21,<1.25"

[[package]]
name = "numpy"
version = "1.24.4"
description = "Fundamental package for array computing in Python"
optional = false
python-versions = ">=3.8"
files = [
    {file = "numpy-1.24.4-cp310-cp310-macosx_10_9_x86_64.whl", hash = "sha256:c0bfb52d2169d58c1cdb8cc1f16989101639b34c7d3ce60ed70b19c63eba0b64"},
    {file = "numpy-1.24.4-cp310-cp310-macosx_11_0_arm64.whl", hash = "sha256:ed094d4f0c177b1b8e7aa9cba7d6ceed51c0e569a5318ac0ca9a090680a6a1b1"},
    {file = "numpy-1.24.4-cp310-cp310-manylinux_2_17_aarch64.manylinux2014_aarch64.whl", hash = "sha256:79fc682a374c4a8ed08b331bef9c5f582585d1048fa6d80bc6c35bc384eee9b4"},
    {file = "numpy-1.24.4-cp310-cp310-manylinux_2_17_x86_64.manylinux2014_x86_64.whl", hash = "sha256:7ffe43c74893dbf38c2b0a1f5428760a1a9c98285553c89e12d70a96a7f3a4d6"},
    {file = "numpy-1.24.4-cp310-cp310-win32.whl", hash = "sha256:4c21decb6ea94057331e111a5bed9a79d335658c27ce2adb580fb4d54f2ad9bc"},
    {file = "numpy-1.24.4-cp310-cp310-win_amd64.whl", hash = "sha256:b4bea75e47d9586d31e892a7401f76e909712a0fd510f58f5337bea9572c571e"},
    {file = "numpy-1.24.4-cp311-cp311-macosx_10_9_x86_64.whl", hash = "sha256:f136bab9c2cfd8da131132c2cf6cc27331dd6fae65f95f69dcd4ae3c3639c810"},
    {file = "numpy-1.24.4-cp311-cp311-macosx_11_0_arm64.whl", hash = "sha256:e2926dac25b313635e4d6cf4dc4e51c8c0ebfed60b801c799ffc4c32bf3d1254"},
    {file = "numpy-1.24.4-cp311-cp311-manylinux_2_17_aarch64.manylinux2014_aarch64.whl", hash = "sha256:222e40d0e2548690405b0b3c7b21d1169117391c2e82c378467ef9ab4c8f0da7"},
    {file = "numpy-1.24.4-cp311-cp311-manylinux_2_17_x86_64.manylinux2014_x86_64.whl", hash = "sha256:7215847ce88a85ce39baf9e89070cb860c98fdddacbaa6c0da3ffb31b3350bd5"},
    {file = "numpy-1.24.4-cp311-cp311-win32.whl", hash = "sha256:4979217d7de511a8d57f4b4b5b2b965f707768440c17cb70fbf254c4b225238d"},
    {file = "numpy-1.24.4-cp311-cp311-win_amd64.whl", hash = "sha256:b7b1fc9864d7d39e28f41d089bfd6353cb5f27ecd9905348c24187a768c79694"},
    {file = "numpy-1.24.4-cp38-cp38-macosx_10_9_x86_64.whl", hash = "sha256:1452241c290f3e2a312c137a9999cdbf63f78864d63c79039bda65ee86943f61"},
    {file = "numpy-1.24.4-cp38-cp38-macosx_11_0_arm64.whl", hash = "sha256:04640dab83f7c6c85abf9cd729c5b65f1ebd0ccf9de90b270cd61935eef0197f"},
    {file = "numpy-1.24.4-cp38-cp38-manylinux_2_17_aarch64.manylinux2014_aarch64.whl", hash = "sha256:a5425b114831d1e77e4b5d812b69d11d962e104095a5b9c3b641a218abcc050e"},
    {file = "numpy-1.24.4-cp38-cp38-manylinux_2_17_x86_64.manylinux2014_x86_64.whl", hash = "sha256:dd80e219fd4c71fc3699fc1dadac5dcf4fd882bfc6f7ec53d30fa197b8ee22dc"},
    {file = "numpy-1.24.4-cp38-cp38-win32.whl", hash = "sha256:4602244f345453db537be5314d3983dbf5834a9701b7723ec28923e2889e0bb2"},
    {file = "numpy-1.24.4-cp38-cp38-win_amd64.whl", hash = "sha256:692f2e0f55794943c5bfff12b3f56f99af76f902fc47487bdfe97856de51a706"},
    {file = "numpy-1.24.4-cp39-cp39-macosx_10_9_x86_64.whl", hash = "sha256:2541312fbf09977f3b3ad449c4e5f4bb55d0dbf79226d7724211acc905049400"},
    {file = "numpy-1.24.4-cp39-cp39-macosx_11_0_arm64.whl", hash = "sha256:9667575fb6d13c95f1b36aca12c5ee3356bf001b714fc354eb5465ce1609e62f"},
    {file = "numpy-1.24.4-cp39-cp39-manylinux_2_17_aarch64.manylinux2014_aarch64.whl", hash = "sha256:f3a86ed21e4f87050382c7bc96571755193c4c1392490744ac73d660e8f564a9"},
    {file = "numpy-1.24.4-cp39-cp39-manylinux_2_17_x86_64.manylinux2014_x86_64.whl", hash = "sha256:d11efb4dbecbdf22508d55e48d9c8384db795e1b7b51ea735289ff96613ff74d"},
    {file = "numpy-1.24.4-cp39-cp39-win32.whl", hash = "sha256:6620c0acd41dbcb368610bb2f4d83145674040025e5536954782467100aa8835"},
    {file = "numpy-1.24.4-cp39-cp39-win_amd64.whl", hash = "sha256:befe2bf740fd8373cf56149a5c23a0f601e82869598d41f8e188a0e9869926f8"},
    {file = "numpy-1.24.4-pp38-pypy38_pp73-macosx_10_9_x86_64.whl", hash = "sha256:31f13e25b4e304632a4619d0e0777662c2ffea99fcae2029556b17d8ff958aef"},
    {file = "numpy-1.24.4-pp38-pypy38_pp73-manylinux_2_17_x86_64.manylinux2014_x86_64.whl", hash = "sha256:95f7ac6540e95bc440ad77f56e520da5bf877f87dca58bd095288dce8940532a"},
    {file = "numpy-1.24.4-pp38-pypy38_pp73-win_amd64.whl", hash = "sha256:e98f220aa76ca2a977fe435f5b04d7b3470c0a2e6312907b37ba6068f26787f2"},
    {file = "numpy-1.24.4.tar.gz", hash = "sha256:80f5e3a4e498641401868df4208b74581206afbee7cf7b8329daae82676d9463"},
]

[[package]]
name = "regex"
version = "2023.6.3"
description = "Alternative regular expression module, to replace re."
optional = false
python-versions = ">=3.6"
files = [
    {file = "regex-2023.6.3-cp310-cp310-macosx_10_9_x86_64.whl", hash = "sha256:824bf3ac11001849aec3fa1d69abcb67aac3e150a933963fb12bda5151fe1bfd"},
    {file = "regex-2023.6.3-cp310-cp310-macosx_11_0_arm64.whl", hash = "sha256:05ed27acdf4465c95826962528f9e8d41dbf9b1aa8531a387dee6ed215a3e9ef"},
    {file = "regex-2023.6.3-cp310-cp310-manylinux_2_17_aarch64.manylinux2014_aarch64.whl", hash = "sha256:0b49c764f88a79160fa64f9a7b425620e87c9f46095ef9c9920542ab2495c8bc"},
    {file = "regex-2023.6.3-cp310-cp310-manylinux_2_17_ppc64le.manylinux2014_ppc64le.whl", hash = "sha256:8e3f1316c2293e5469f8f09dc2d76efb6c3982d3da91ba95061a7e69489a14ef"},
    {file = "regex-2023.6.3-cp310-cp310-manylinux_2_17_s390x.manylinux2014_s390x.whl", hash = "sha256:43e1dd9d12df9004246bacb79a0e5886b3b6071b32e41f83b0acbf293f820ee8"},
    {file = "regex-2023.6.3-cp310-cp310-manylinux_2_17_x86_64.manylinux2014_x86_64.whl", hash = "sha256:4959e8bcbfda5146477d21c3a8ad81b185cd252f3d0d6e4724a5ef11c012fb06"},
    {file = "regex-2023.6.3-cp310-cp310-manylinux_2_5_i686.manylinux1_i686.manylinux_2_17_i686.manylinux2014_i686.whl", hash = "sha256:af4dd387354dc83a3bff67127a124c21116feb0d2ef536805c454721c5d7993d"},
    {file = "regex-2023.6.3-cp310-cp310-manylinux_2_5_x86_64.manylinux1_x86_64.manylinux_2_12_x86_64.manylinux2010_x86_64.whl", hash = "sha256:2239d95d8e243658b8dbb36b12bd10c33ad6e6933a54d36ff053713f129aa536"},
    {file = "regex-2023.6.3-cp310-cp310-musllinux_1_1_aarch64.whl", hash = "sha256:890e5a11c97cf0d0c550eb661b937a1e45431ffa79803b942a057c4fb12a2da2"},
    {file = "regex-2023.6.3-cp310-cp310-musllinux_1_1_i686.whl", hash = "sha256:a8105e9af3b029f243ab11ad47c19b566482c150c754e4c717900a798806b222"},
    {file = "regex-2023.6.3-cp310-cp310-musllinux_1_1_ppc64le.whl", hash = "sha256:25be746a8ec7bc7b082783216de8e9473803706723b3f6bef34b3d0ed03d57e2"},
    {file = "regex-2023.6.3-cp310-cp310-musllinux_1_1_s390x.whl", hash = "sha256:3676f1dd082be28b1266c93f618ee07741b704ab7b68501a173ce7d8d0d0ca18"},
    {file = "regex-2023.6.3-cp310-cp310-musllinux_1_1_x86_64.whl", hash = "sha256:10cb847aeb1728412c666ab2e2000ba6f174f25b2bdc7292e7dd71b16db07568"},
    {file = "regex-2023.6.3-cp310-cp310-win32.whl", hash = "sha256:dbbbfce33cd98f97f6bffb17801b0576e653f4fdb1d399b2ea89638bc8d08ae1"},
    {file = "regex-2023.6.3-cp310-cp310-win_amd64.whl", hash = "sha256:c5f8037000eb21e4823aa485149f2299eb589f8d1fe4b448036d230c3f4e68e0"},
    {file = "regex-2023.6.3-cp311-cp311-macosx_10_9_x86_64.whl", hash = "sha256:c123f662be8ec5ab4ea72ea300359023a5d1df095b7ead76fedcd8babbedf969"},
    {file = "regex-2023.6.3-cp311-cp311-macosx_11_0_arm64.whl", hash = "sha256:9edcbad1f8a407e450fbac88d89e04e0b99a08473f666a3f3de0fd292badb6aa"},
    {file = "regex-2023.6.3-cp311-cp311-manylinux_2_17_aarch64.manylinux2014_aarch64.whl", hash = "sha256:dcba6dae7de533c876255317c11f3abe4907ba7d9aa15d13e3d9710d4315ec0e"},
    {file = "regex-2023.6.3-cp311-cp311-manylinux_2_17_ppc64le.manylinux2014_ppc64le.whl", hash = "sha256:29cdd471ebf9e0f2fb3cac165efedc3c58db841d83a518b082077e612d3ee5df"},
    {file = "regex-2023.6.3-cp311-cp311-manylinux_2_17_s390x.manylinux2014_s390x.whl", hash = "sha256:12b74fbbf6cbbf9dbce20eb9b5879469e97aeeaa874145517563cca4029db65c"},
    {file = "regex-2023.6.3-cp311-cp311-manylinux_2_17_x86_64.manylinux2014_x86_64.whl", hash = "sha256:0c29ca1bd61b16b67be247be87390ef1d1ef702800f91fbd1991f5c4421ebae8"},
    {file = "regex-2023.6.3-cp311-cp311-manylinux_2_5_i686.manylinux1_i686.manylinux_2_17_i686.manylinux2014_i686.whl", hash = "sha256:d77f09bc4b55d4bf7cc5eba785d87001d6757b7c9eec237fe2af57aba1a071d9"},
    {file = "regex-2023.6.3-cp311-cp311-musllinux_1_1_aarch64.whl", hash = "sha256:ea353ecb6ab5f7e7d2f4372b1e779796ebd7b37352d290096978fea83c4dba0c"},
    {file = "regex-2023.6.3-cp311-cp311-musllinux_1_1_i686.whl", hash = "sha256:10590510780b7541969287512d1b43f19f965c2ece6c9b1c00fc367b29d8dce7"},
    {file = "regex-2023.6.3-cp311-cp311-musllinux_1_1_ppc64le.whl", hash = "sha256:e2fbd6236aae3b7f9d514312cdb58e6494ee1c76a9948adde6eba33eb1c4264f"},
    {file = "regex-2023.6.3-cp311-cp311-musllinux_1_1_s390x.whl", hash = "sha256:6b2675068c8b56f6bfd5a2bda55b8accbb96c02fd563704732fd1c95e2083461"},
    {file = "regex-2023.6.3-cp311-cp311-musllinux_1_1_x86_64.whl", hash = "sha256:74419d2b50ecb98360cfaa2974da8689cb3b45b9deff0dcf489c0d333bcc1477"},
    {file = "regex-2023.6.3-cp311-cp311-win32.whl", hash = "sha256:fb5ec16523dc573a4b277663a2b5a364e2099902d3944c9419a40ebd56a118f9"},
    {file = "regex-2023.6.3-cp311-cp311-win_amd64.whl", hash = "sha256:09e4a1a6acc39294a36b7338819b10baceb227f7f7dbbea0506d419b5a1dd8af"},
    {file = "regex-2023.6.3-cp36-cp36m-macosx_10_9_x86_64.whl", hash = "sha256:0654bca0cdf28a5956c83839162692725159f4cda8d63e0911a2c0dc76166525"},
    {file = "regex-2023.6.3-cp36-cp36m-manylinux_2_17_aarch64.manylinux2014_aarch64.whl", hash = "sha256:463b6a3ceb5ca952e66550a4532cef94c9a0c80dc156c4cc343041951aec1697"},
    {file = "regex-2023.6.3-cp36-cp36m-manylinux_2_17_ppc64le.manylinux2014_ppc64le.whl", hash = "sha256:87b2a5bb5e78ee0ad1de71c664d6eb536dc3947a46a69182a90f4410f5e3f7dd"},
    {file = "regex-2023.6.3-cp36-cp36m-manylinux_2_17_s390x.manylinux2014_s390x.whl", hash = "sha256:6343c6928282c1f6a9db41f5fd551662310e8774c0e5ebccb767002fcf663ca9"},
    {file = "regex-2023.6.3-cp36-cp36m-manylinux_2_17_x86_64.manylinux2014_x86_64.whl", hash = "sha256:b6192d5af2ccd2a38877bfef086d35e6659566a335b1492786ff254c168b1693"},
    {file = "regex-2023.6.3-cp36-cp36m-manylinux_2_5_i686.manylinux1_i686.manylinux_2_17_i686.manylinux2014_i686.whl", hash = "sha256:74390d18c75054947e4194019077e243c06fbb62e541d8817a0fa822ea310c14"},
    {file = "regex-2023.6.3-cp36-cp36m-manylinux_2_5_x86_64.manylinux1_x86_64.manylinux_2_12_x86_64.manylinux2010_x86_64.whl", hash = "sha256:742e19a90d9bb2f4a6cf2862b8b06dea5e09b96c9f2df1779e53432d7275331f"},
    {file = "regex-2023.6.3-cp36-cp36m-musllinux_1_1_aarch64.whl", hash = "sha256:8abbc5d54ea0ee80e37fef009e3cec5dafd722ed3c829126253d3e22f3846f1e"},
    {file = "regex-2023.6.3-cp36-cp36m-musllinux_1_1_i686.whl", hash = "sha256:c2b867c17a7a7ae44c43ebbeb1b5ff406b3e8d5b3e14662683e5e66e6cc868d3"},
    {file = "regex-2023.6.3-cp36-cp36m-musllinux_1_1_ppc64le.whl", hash = "sha256:d831c2f8ff278179705ca59f7e8524069c1a989e716a1874d6d1aab6119d91d1"},
    {file = "regex-2023.6.3-cp36-cp36m-musllinux_1_1_s390x.whl", hash = "sha256:ee2d1a9a253b1729bb2de27d41f696ae893507c7db224436abe83ee25356f5c1"},
    {file = "regex-2023.6.3-cp36-cp36m-musllinux_1_1_x86_64.whl", hash = "sha256:61474f0b41fe1a80e8dfa70f70ea1e047387b7cd01c85ec88fa44f5d7561d787"},
    {file = "regex-2023.6.3-cp36-cp36m-win32.whl", hash = "sha256:0b71e63226e393b534105fcbdd8740410dc6b0854c2bfa39bbda6b0d40e59a54"},
    {file = "regex-2023.6.3-cp36-cp36m-win_amd64.whl", hash = "sha256:bbb02fd4462f37060122e5acacec78e49c0fbb303c30dd49c7f493cf21fc5b27"},
    {file = "regex-2023.6.3-cp37-cp37m-macosx_10_9_x86_64.whl", hash = "sha256:b862c2b9d5ae38a68b92e215b93f98d4c5e9454fa36aae4450f61dd33ff48487"},
    {file = "regex-2023.6.3-cp37-cp37m-manylinux_2_17_aarch64.manylinux2014_aarch64.whl", hash = "sha256:976d7a304b59ede34ca2921305b57356694f9e6879db323fd90a80f865d355a3"},
    {file = "regex-2023.6.3-cp37-cp37m-manylinux_2_17_ppc64le.manylinux2014_ppc64le.whl", hash = "sha256:83320a09188e0e6c39088355d423aa9d056ad57a0b6c6381b300ec1a04ec3d16"},
    {file = "regex-2023.6.3-cp37-cp37m-manylinux_2_17_s390x.manylinux2014_s390x.whl", hash = "sha256:9427a399501818a7564f8c90eced1e9e20709ece36be701f394ada99890ea4b3"},
    {file = "regex-2023.6.3-cp37-cp37m-manylinux_2_17_x86_64.manylinux2014_x86_64.whl", hash = "sha256:7178bbc1b2ec40eaca599d13c092079bf529679bf0371c602edaa555e10b41c3"},
    {file = "regex-2023.6.3-cp37-cp37m-manylinux_2_5_i686.manylinux1_i686.manylinux_2_17_i686.manylinux2014_i686.whl", hash = "sha256:837328d14cde912af625d5f303ec29f7e28cdab588674897baafaf505341f2fc"},
    {file = "regex-2023.6.3-cp37-cp37m-manylinux_2_5_x86_64.manylinux1_x86_64.manylinux_2_12_x86_64.manylinux2010_x86_64.whl", hash = "sha256:2d44dc13229905ae96dd2ae2dd7cebf824ee92bc52e8cf03dcead37d926da019"},
    {file = "regex-2023.6.3-cp37-cp37m-musllinux_1_1_aarch64.whl", hash = "sha256:d54af539295392611e7efbe94e827311eb8b29668e2b3f4cadcfe6f46df9c777"},
    {file = "regex-2023.6.3-cp37-cp37m-musllinux_1_1_i686.whl", hash = "sha256:7117d10690c38a622e54c432dfbbd3cbd92f09401d622902c32f6d377e2300ee"},
    {file = "regex-2023.6.3-cp37-cp37m-musllinux_1_1_ppc64le.whl", hash = "sha256:bb60b503ec8a6e4e3e03a681072fa3a5adcbfa5479fa2d898ae2b4a8e24c4591"},
    {file = "regex-2023.6.3-cp37-cp37m-musllinux_1_1_s390x.whl", hash = "sha256:65ba8603753cec91c71de423a943ba506363b0e5c3fdb913ef8f9caa14b2c7e0"},
    {file = "regex-2023.6.3-cp37-cp37m-musllinux_1_1_x86_64.whl", hash = "sha256:271f0bdba3c70b58e6f500b205d10a36fb4b58bd06ac61381b68de66442efddb"},
    {file = "regex-2023.6.3-cp37-cp37m-win32.whl", hash = "sha256:9beb322958aaca059f34975b0df135181f2e5d7a13b84d3e0e45434749cb20f7"},
    {file = "regex-2023.6.3-cp37-cp37m-win_amd64.whl", hash = "sha256:fea75c3710d4f31389eed3c02f62d0b66a9da282521075061ce875eb5300cf23"},
    {file = "regex-2023.6.3-cp38-cp38-macosx_10_9_x86_64.whl", hash = "sha256:8f56fcb7ff7bf7404becdfc60b1e81a6d0561807051fd2f1860b0d0348156a07"},
    {file = "regex-2023.6.3-cp38-cp38-macosx_11_0_arm64.whl", hash = "sha256:d2da3abc88711bce7557412310dfa50327d5769a31d1c894b58eb256459dc289"},
    {file = "regex-2023.6.3-cp38-cp38-manylinux_2_17_aarch64.manylinux2014_aarch64.whl", hash = "sha256:a99b50300df5add73d307cf66abea093304a07eb017bce94f01e795090dea87c"},
    {file = "regex-2023.6.3-cp38-cp38-manylinux_2_17_ppc64le.manylinux2014_ppc64le.whl", hash = "sha256:5708089ed5b40a7b2dc561e0c8baa9535b77771b64a8330b684823cfd5116036"},
    {file = "regex-2023.6.3-cp38-cp38-manylinux_2_17_s390x.manylinux2014_s390x.whl", hash = "sha256:687ea9d78a4b1cf82f8479cab23678aff723108df3edeac098e5b2498879f4a7"},
    {file = "regex-2023.6.3-cp38-cp38-manylinux_2_17_x86_64.manylinux2014_x86_64.whl", hash = "sha256:4d3850beab9f527f06ccc94b446c864059c57651b3f911fddb8d9d3ec1d1b25d"},
    {file = "regex-2023.6.3-cp38-cp38-manylinux_2_5_i686.manylinux1_i686.manylinux_2_17_i686.manylinux2014_i686.whl", hash = "sha256:e8915cc96abeb8983cea1df3c939e3c6e1ac778340c17732eb63bb96247b91d2"},
    {file = "regex-2023.6.3-cp38-cp38-manylinux_2_5_x86_64.manylinux1_x86_64.manylinux_2_12_x86_64.manylinux2010_x86_64.whl", hash = "sha256:841d6e0e5663d4c7b4c8099c9997be748677d46cbf43f9f471150e560791f7ff"},
    {file = "regex-2023.6.3-cp38-cp38-musllinux_1_1_aarch64.whl", hash = "sha256:9edce5281f965cf135e19840f4d93d55b3835122aa76ccacfd389e880ba4cf82"},
    {file = "regex-2023.6.3-cp38-cp38-musllinux_1_1_i686.whl", hash = "sha256:b956231ebdc45f5b7a2e1f90f66a12be9610ce775fe1b1d50414aac1e9206c06"},
    {file = "regex-2023.6.3-cp38-cp38-musllinux_1_1_ppc64le.whl", hash = "sha256:36efeba71c6539d23c4643be88295ce8c82c88bbd7c65e8a24081d2ca123da3f"},
    {file = "regex-2023.6.3-cp38-cp38-musllinux_1_1_s390x.whl", hash = "sha256:cf67ca618b4fd34aee78740bea954d7c69fdda419eb208c2c0c7060bb822d747"},
    {file = "regex-2023.6.3-cp38-cp38-musllinux_1_1_x86_64.whl", hash = "sha256:b4598b1897837067a57b08147a68ac026c1e73b31ef6e36deeeb1fa60b2933c9"},
    {file = "regex-2023.6.3-cp38-cp38-win32.whl", hash = "sha256:f415f802fbcafed5dcc694c13b1292f07fe0befdb94aa8a52905bd115ff41e88"},
    {file = "regex-2023.6.3-cp38-cp38-win_amd64.whl", hash = "sha256:d4f03bb71d482f979bda92e1427f3ec9b220e62a7dd337af0aa6b47bf4498f72"},
    {file = "regex-2023.6.3-cp39-cp39-macosx_10_9_x86_64.whl", hash = "sha256:ccf91346b7bd20c790310c4147eee6ed495a54ddb6737162a36ce9dbef3e4751"},
    {file = "regex-2023.6.3-cp39-cp39-macosx_11_0_arm64.whl", hash = "sha256:b28f5024a3a041009eb4c333863d7894d191215b39576535c6734cd88b0fcb68"},
    {file = "regex-2023.6.3-cp39-cp39-manylinux_2_17_aarch64.manylinux2014_aarch64.whl", hash = "sha256:e0bb18053dfcfed432cc3ac632b5e5e5c5b7e55fb3f8090e867bfd9b054dbcbf"},
    {file = "regex-2023.6.3-cp39-cp39-manylinux_2_17_ppc64le.manylinux2014_ppc64le.whl", hash = "sha256:9a5bfb3004f2144a084a16ce19ca56b8ac46e6fd0651f54269fc9e230edb5e4a"},
    {file = "regex-2023.6.3-cp39-cp39-manylinux_2_17_s390x.manylinux2014_s390x.whl", hash = "sha256:5c6b48d0fa50d8f4df3daf451be7f9689c2bde1a52b1225c5926e3f54b6a9ed1"},
    {file = "regex-2023.6.3-cp39-cp39-manylinux_2_17_x86_64.manylinux2014_x86_64.whl", hash = "sha256:051da80e6eeb6e239e394ae60704d2b566aa6a7aed6f2890a7967307267a5dc6"},
    {file = "regex-2023.6.3-cp39-cp39-manylinux_2_5_i686.manylinux1_i686.manylinux_2_17_i686.manylinux2014_i686.whl", hash = "sha256:a4c3b7fa4cdaa69268748665a1a6ff70c014d39bb69c50fda64b396c9116cf77"},
    {file = "regex-2023.6.3-cp39-cp39-manylinux_2_5_x86_64.manylinux1_x86_64.manylinux_2_12_x86_64.manylinux2010_x86_64.whl", hash = "sha256:457b6cce21bee41ac292d6753d5e94dcbc5c9e3e3a834da285b0bde7aa4a11e9"},
    {file = "regex-2023.6.3-cp39-cp39-musllinux_1_1_aarch64.whl", hash = "sha256:aad51907d74fc183033ad796dd4c2e080d1adcc4fd3c0fd4fd499f30c03011cd"},
    {file = "regex-2023.6.3-cp39-cp39-musllinux_1_1_i686.whl", hash = "sha256:0385e73da22363778ef2324950e08b689abdf0b108a7d8decb403ad7f5191938"},
    {file = "regex-2023.6.3-cp39-cp39-musllinux_1_1_ppc64le.whl", hash = "sha256:c6a57b742133830eec44d9b2290daf5cbe0a2f1d6acee1b3c7b1c7b2f3606df7"},
    {file = "regex-2023.6.3-cp39-cp39-musllinux_1_1_s390x.whl", hash = "sha256:3e5219bf9e75993d73ab3d25985c857c77e614525fac9ae02b1bebd92f7cecac"},
    {file = "regex-2023.6.3-cp39-cp39-musllinux_1_1_x86_64.whl", hash = "sha256:e5087a3c59eef624a4591ef9eaa6e9a8d8a94c779dade95d27c0bc24650261cd"},
    {file = "regex-2023.6.3-cp39-cp39-win32.whl", hash = "sha256:20326216cc2afe69b6e98528160b225d72f85ab080cbdf0b11528cbbaba2248f"},
    {file = "regex-2023.6.3-cp39-cp39-win_amd64.whl", hash = "sha256:bdff5eab10e59cf26bc479f565e25ed71a7d041d1ded04ccf9aee1d9f208487a"},
    {file = "regex-2023.6.3.tar.gz", hash = "sha256:72d1a25bf36d2050ceb35b517afe13864865268dfb45910e2e17a84be6cbfeb0"},
]

[[package]]
name = "shapely"
version = "2.0.1"
description = "Manipulation and analysis of geometric objects"
optional = false
python-versions = ">=3.7"
files = [
    {file = "shapely-2.0.1-cp310-cp310-macosx_10_9_universal2.whl", hash = "sha256:b06d031bc64149e340448fea25eee01360a58936c89985cf584134171e05863f"},
    {file = "shapely-2.0.1-cp310-cp310-macosx_10_9_x86_64.whl", hash = "sha256:9a6ac34c16f4d5d3c174c76c9d7614ec8fe735f8f82b6cc97a46b54f386a86bf"},
    {file = "shapely-2.0.1-cp310-cp310-macosx_11_0_arm64.whl", hash = "sha256:865bc3d7cc0ea63189d11a0b1120d1307ed7a64720a8bfa5be2fde5fc6d0d33f"},
    {file = "shapely-2.0.1-cp310-cp310-manylinux_2_17_aarch64.manylinux2014_aarch64.whl", hash = "sha256:45b4833235b90bc87ee26c6537438fa77559d994d2d3be5190dd2e54d31b2820"},
    {file = "shapely-2.0.1-cp310-cp310-manylinux_2_17_x86_64.manylinux2014_x86_64.whl", hash = "sha256:ce88ec79df55430e37178a191ad8df45cae90b0f6972d46d867bf6ebbb58cc4d"},
    {file = "shapely-2.0.1-cp310-cp310-win32.whl", hash = "sha256:01224899ff692a62929ef1a3f5fe389043e262698a708ab7569f43a99a48ae82"},
    {file = "shapely-2.0.1-cp310-cp310-win_amd64.whl", hash = "sha256:da71de5bf552d83dcc21b78cc0020e86f8d0feea43e202110973987ffa781c21"},
    {file = "shapely-2.0.1-cp311-cp311-macosx_10_9_universal2.whl", hash = "sha256:502e0a607f1dcc6dee0125aeee886379be5242c854500ea5fd2e7ac076b9ce6d"},
    {file = "shapely-2.0.1-cp311-cp311-macosx_10_9_x86_64.whl", hash = "sha256:7d3bbeefd8a6a1a1017265d2d36f8ff2d79d0162d8c141aa0d37a87063525656"},
    {file = "shapely-2.0.1-cp311-cp311-macosx_11_0_arm64.whl", hash = "sha256:f470a130d6ddb05b810fc1776d918659407f8d025b7f56d2742a596b6dffa6c7"},
    {file = "shapely-2.0.1-cp311-cp311-manylinux_2_17_aarch64.manylinux2014_aarch64.whl", hash = "sha256:4641325e065fd3e07d55677849c9ddfd0cf3ee98f96475126942e746d55b17c8"},
    {file = "shapely-2.0.1-cp311-cp311-manylinux_2_17_i686.manylinux2014_i686.whl", hash = "sha256:90cfa4144ff189a3c3de62e2f3669283c98fb760cfa2e82ff70df40f11cadb39"},
    {file = "shapely-2.0.1-cp311-cp311-manylinux_2_17_x86_64.manylinux2014_x86_64.whl", hash = "sha256:70a18fc7d6418e5aea76ac55dce33f98e75bd413c6eb39cfed6a1ba36469d7d4"},
    {file = "shapely-2.0.1-cp311-cp311-win32.whl", hash = "sha256:09d6c7763b1bee0d0a2b84bb32a4c25c6359ad1ac582a62d8b211e89de986154"},
    {file = "shapely-2.0.1-cp311-cp311-win_amd64.whl", hash = "sha256:d8f55f355be7821dade839df785a49dc9f16d1af363134d07eb11e9207e0b189"},
    {file = "shapely-2.0.1-cp37-cp37m-macosx_10_9_x86_64.whl", hash = "sha256:83a8ec0ee0192b6e3feee9f6a499d1377e9c295af74d7f81ecba5a42a6b195b7"},
    {file = "shapely-2.0.1-cp37-cp37m-manylinux_2_17_aarch64.manylinux2014_aarch64.whl", hash = "sha256:a529218e72a3dbdc83676198e610485fdfa31178f4be5b519a8ae12ea688db14"},
    {file = "shapely-2.0.1-cp37-cp37m-manylinux_2_17_i686.manylinux2014_i686.whl", hash = "sha256:91575d97fd67391b85686573d758896ed2fc7476321c9d2e2b0c398b628b961c"},
    {file = "shapely-2.0.1-cp37-cp37m-manylinux_2_17_x86_64.manylinux2014_x86_64.whl", hash = "sha256:c8b0d834b11be97d5ab2b4dceada20ae8e07bcccbc0f55d71df6729965f406ad"},
    {file = "shapely-2.0.1-cp37-cp37m-win32.whl", hash = "sha256:b4f0711cc83734c6fad94fc8d4ec30f3d52c1787b17d9dca261dc841d4731c64"},
    {file = "shapely-2.0.1-cp37-cp37m-win_amd64.whl", hash = "sha256:05c51a29336e604c084fb43ae5dbbfa2c0ef9bd6fedeae0a0d02c7b57a56ba46"},
    {file = "shapely-2.0.1-cp38-cp38-macosx_10_9_universal2.whl", hash = "sha256:b519cf3726ddb6c67f6a951d1bb1d29691111eaa67ea19ddca4d454fbe35949c"},
    {file = "shapely-2.0.1-cp38-cp38-macosx_10_9_x86_64.whl", hash = "sha256:193a398d81c97a62fc3634a1a33798a58fd1dcf4aead254d080b273efbb7e3ff"},
    {file = "shapely-2.0.1-cp38-cp38-macosx_11_0_arm64.whl", hash = "sha256:e55698e0ed95a70fe9ff9a23c763acfe0bf335b02df12142f74e4543095e9a9b"},
    {file = "shapely-2.0.1-cp38-cp38-manylinux_2_17_aarch64.manylinux2014_aarch64.whl", hash = "sha256:f32a748703e7bf6e92dfa3d2936b2fbfe76f8ce5f756e24f49ef72d17d26ad02"},
    {file = "shapely-2.0.1-cp38-cp38-manylinux_2_17_i686.manylinux2014_i686.whl", hash = "sha256:1a34a23d6266ca162499e4a22b79159dc0052f4973d16f16f990baa4d29e58b6"},
    {file = "shapely-2.0.1-cp38-cp38-manylinux_2_17_x86_64.manylinux2014_x86_64.whl", hash = "sha256:d173d24e85e51510e658fb108513d5bc11e3fd2820db6b1bd0522266ddd11f51"},
    {file = "shapely-2.0.1-cp38-cp38-win32.whl", hash = "sha256:3cb256ae0c01b17f7bc68ee2ffdd45aebf42af8992484ea55c29a6151abe4386"},
    {file = "shapely-2.0.1-cp38-cp38-win_amd64.whl", hash = "sha256:c7eed1fb3008a8a4a56425334b7eb82651a51f9e9a9c2f72844a2fb394f38a6c"},
    {file = "shapely-2.0.1-cp39-cp39-macosx_10_9_universal2.whl", hash = "sha256:ac1dfc397475d1de485e76de0c3c91cc9d79bd39012a84bb0f5e8a199fc17bef"},
    {file = "shapely-2.0.1-cp39-cp39-macosx_10_9_x86_64.whl", hash = "sha256:33403b8896e1d98aaa3a52110d828b18985d740cc9f34f198922018b1e0f8afe"},
    {file = "shapely-2.0.1-cp39-cp39-macosx_11_0_arm64.whl", hash = "sha256:2569a4b91caeef54dd5ae9091ae6f63526d8ca0b376b5bb9fd1a3195d047d7d4"},
    {file = "shapely-2.0.1-cp39-cp39-manylinux_2_17_aarch64.manylinux2014_aarch64.whl", hash = "sha256:a70a614791ff65f5e283feed747e1cc3d9e6c6ba91556e640636bbb0a1e32a71"},
    {file = "shapely-2.0.1-cp39-cp39-manylinux_2_17_i686.manylinux2014_i686.whl", hash = "sha256:c43755d2c46b75a7b74ac6226d2cc9fa2a76c3263c5ae70c195c6fb4e7b08e79"},
    {file = "shapely-2.0.1-cp39-cp39-manylinux_2_17_x86_64.manylinux2014_x86_64.whl", hash = "sha256:3ad81f292fffbd568ae71828e6c387da7eb5384a79db9b4fde14dd9fdeffca9a"},
    {file = "shapely-2.0.1-cp39-cp39-win32.whl", hash = "sha256:b50c401b64883e61556a90b89948297f1714dbac29243d17ed9284a47e6dd731"},
    {file = "shapely-2.0.1-cp39-cp39-win_amd64.whl", hash = "sha256:bca57b683e3d94d0919e2f31e4d70fdfbb7059650ef1b431d9f4e045690edcd5"},
    {file = "shapely-2.0.1.tar.gz", hash = "sha256:66a6b1a3e72ece97fc85536a281476f9b7794de2e646ca8a4517e2e3c1446893"},
]

[package.dependencies]
numpy = ">=1.14"

[package.extras]
docs = ["matplotlib", "numpydoc (==1.1.*)", "sphinx", "sphinx-book-theme", "sphinx-remove-toctrees"]
test = ["pytest", "pytest-cov"]

[[package]]
name = "tabulate"
version = "0.9.0"
description = "Pretty-print tabular data"
optional = false
python-versions = ">=3.7"
files = [
    {file = "tabulate-0.9.0-py3-none-any.whl", hash = "sha256:024ca478df22e9340661486f85298cff5f6dcdba14f3813e8830015b9ed1948f"},
    {file = "tabulate-0.9.0.tar.gz", hash = "sha256:0095b12bf5966de529c0feb1fa08671671b3368eec77d7ef7ab114be2c068b3c"},
]

[package.extras]
widechars = ["wcwidth"]

[metadata]
lock-version = "2.0"
python-versions = "^3.11"
content-hash = "4cb84a4d50f341b106f84249f63d64e55d31b7df9a2aa365d0bd253dc71e7004"
